Microsoft Visual Studio Solution File, Format Version 12.00
# Visual Studio Version 18
VisualStudioVersion = 18.0.11217.181 d18.0
MinimumVisualStudioVersion = 10.0.40219.1
Project("{9A19103F-16F7-4668-BE54-9A1E7A4F7556}") = "FactoryServerApi", "FactoryServerApi\FactoryServerApi.csproj", "{B47108B6-24FB-4268-9D26-76215CF4FF63}"
EndProject
Global
	GlobalSection(SolutionConfigurationPlatforms) = preSolution
		Debug|Any CPU = Debug|Any CPU
		Release|Any CPU = Release|Any CPU
	EndGlobalSection
	GlobalSection(ProjectConfigurationPlatforms) = postSolution
		{B47108B6-24FB-4268-9D26-76215CF4FF63}.Debug|Any CPU.ActiveCfg = Debug|Any CPU
		{B47108B6-24FB-4268-9D26-76215CF4FF63}.Debug|Any CPU.Build.0 = Debug|Any CPU
		{B47108B6-24FB-4268-9D26-76215CF4FF63}.Release|Any CPU.ActiveCfg = Release|Any CPU
		{B47108B6-24FB-4268-9D26-76215CF4FF63}.Release|Any CPU.Build.0 = Release|Any CPU
	EndGlobalSection
	GlobalSection(SolutionProperties) = preSolution
		HideSolutionNode = FALSE
	EndGlobalSection
	GlobalSection(ExtensibilityGlobals) = postSolution
		SolutionGuid = {6D09892A-B031-4D6B-8CCD-E7B7B94DC56C}
	EndGlobalSection
EndGlobal
