Microsoft Visual Studio Solution File, Format Version 12.00
# 17
VisualStudioVersion = 17.11.35303.130
MinimumVisualStudioVersion = 10.0.40219.1
Project("{9A19103F-16F7-4668-BE54-9A1E7A4F7556}") = "FactoryServerApi", "FactoryServerApi\FactoryServerApi.csproj", "{B47108B6-24FB-4268-9D26-76215CF4FF63}"
EndProject
Project("{FAE04EC0-301F-11D3-BF4B-00C04F79EFBC}") = "Example", "Example\Example.csproj", "{2499095B-9666-45AC-B187-35CC7EF97F3F}"
EndProject
Global
	GlobalSection(SolutionConfigurationPlatforms) = preSolution
		Debug|Any CPU = Debug|Any CPU
		Release|Any CPU = Release|Any CPU
	EndGlobalSection
	GlobalSection(ProjectConfigurationPlatforms) = postSolution
		{B47108B6-24FB-4268-9D26-76215CF4FF63}.Debug|Any CPU.ActiveCfg = Debug|Any CPU
		{B47108B6-24FB-4268-9D26-76215CF4FF63}.Debug|Any CPU.Build.0 = Debug|Any CPU
		{B47108B6-24FB-4268-9D26-76215CF4FF63}.Release|Any CPU.ActiveCfg = Release|Any CPU
		{B47108B6-24FB-4268-9D26-76215CF4FF63}.Release|Any CPU.Build.0 = Release|Any CPU
		{2499095B-9666-45AC-B187-35CC7EF97F3F}.Debug|Any CPU.ActiveCfg = Debug|Any CPU
		{2499095B-9666-45AC-B187-35CC7EF97F3F}.Debug|Any CPU.Build.0 = Debug|Any CPU
		{2499095B-9666-45AC-B187-35CC7EF97F3F}.Release|Any CPU.ActiveCfg = Release|Any CPU
		{2499095B-9666-45AC-B187-35CC7EF97F3F}.Release|Any CPU.Build.0 = Release|Any CPU
	EndGlobalSection
	GlobalSection(SolutionProperties) = preSolution
		HideSolutionNode = FALSE
	EndGlobalSection
	GlobalSection(ExtensibilityGlobals) = postSolution
		SolutionGuid = {6D09892A-B031-4D6B-8CCD-E7B7B94DC56C}
	EndGlobalSection
EndGlobal
